
Microsoft Visual Studio Solution File, Format Version 12.00
# Visual Studio Version 16
VisualStudioVersion = 16.0.30128.74
MinimumVisualStudioVersion = 10.0.40219.1
Project("{FAE04EC0-301F-11D3-BF4B-00C04F79EFBC}") = "Less_Damage", "Less_Damage.csproj", "{C76D9466-F5EE-489B-8A2D-37667A67F852}"
EndProject
Global
	GlobalSection(SolutionConfigurationPlatforms) = preSolution
		Debug|Any CPU = Debug|Any CPU
		Release|Any CPU = Release|Any CPU
	EndGlobalSection
	GlobalSection(ProjectConfigurationPlatforms) = postSolution
		{C76D9466-F5EE-489B-8A2D-37667A67F852}.Debug|Any CPU.ActiveCfg = Debug|Any CPU
		{C76D9466-F5EE-489B-8A2D-37667A67F852}.Debug|Any CPU.Build.0 = Debug|Any CPU
		{C76D9466-F5EE-489B-8A2D-37667A67F852}.Release|Any CPU.ActiveCfg = Release|Any CPU
		{C76D9466-F5EE-489B-8A2D-37667A67F852}.Release|Any CPU.Build.0 = Release|Any CPU
	EndGlobalSection
	GlobalSection(SolutionProperties) = preSolution
		HideSolutionNode = FALSE
	EndGlobalSection
	GlobalSection(ExtensibilityGlobals) = postSolution
		SolutionGuid = {875CA721-8E91-460D-B256-050F318FD129}
	EndGlobalSection
EndGlobal
